
Microsoft Visual Studio Solution File, Format Version 12.00
# Visual Studio 15
VisualStudioVersion = 15.0.27703.2026
MinimumVisualStudioVersion = 10.0.40219.1
Project("{9A19103F-16F7-4668-BE54-9A1E7A4F7556}") = "StandaloneApp", "StandaloneApp\StandaloneApp.csproj", "{D175A68B-3664-46B7-8819-C58888055525}"
EndProject
Global
	GlobalSection(SolutionConfigurationPlatforms) = preSolution
		Debug|Any CPU = Debug|Any CPU
		Release|Any CPU = Release|Any CPU
	EndGlobalSection
	GlobalSection(ProjectConfigurationPlatforms) = postSolution
		{D175A68B-3664-46B7-8819-C58888055525}.Debug|Any CPU.ActiveCfg = Debug|Any CPU
		{D175A68B-3664-46B7-8819-C58888055525}.Debug|Any CPU.Build.0 = Debug|Any CPU
		{D175A68B-3664-46B7-8819-C58888055525}.Release|Any CPU.ActiveCfg = Release|Any CPU
		{D175A68B-3664-46B7-8819-C58888055525}.Release|Any CPU.Build.0 = Release|Any CPU
	EndGlobalSection
	GlobalSection(SolutionProperties) = preSolution
		HideSolutionNode = FALSE
	EndGlobalSection
	GlobalSection(ExtensibilityGlobals) = postSolution
		SolutionGuid = {87D443E3-CDD0-4CDC-BE7F-7F9281C55B0F}
	EndGlobalSection
EndGlobal
